PODS:
  - MBProgressHUD (0.9.2)
  - sequencing-app-chains-api-objc (1.0.2)
  - sequencing-file-selector-api-objc (1.0.11)
  - sequencing-master-plugin-api-objc (1.0.9):
    - sequencing-app-chains-api-objc (~> 1.0.2)
    - sequencing-file-selector-api-objc (~> 1.0.11)
    - sequencing-oauth-api-objc (~> 1.0.7)
  - sequencing-oauth-api-objc (1.0.7)

DEPENDENCIES:
  - MBProgressHUD (~> 0.9.2)
  - sequencing-master-plugin-api-objc (~> 1.0.9)

SPEC CHECKSUMS:
  MBProgressHUD: 1569cf7ace17a8bac47aabfbb8580a49690386d1
  sequencing-app-chains-api-objc: de992bacde385dbcf0b4e0187972a6b73549b624
  sequencing-file-selector-api-objc: 5409502b2684789ff7d5cb08ce1680f4e1aad700
  sequencing-master-plugin-api-objc: 2129a5875d3ff282465c66e35a90bb4ee3b1dfc8
  sequencing-oauth-api-objc: 569d7bce263616db38bb4e6c3cbd757fd541adab

COCOAPODS: 0.39.0
