// !$*UTF8*$!
{
	archiveVersion = 1;
	classes = {
	};
	objectVersion = 46;
	objects = {

/* Begin PBXBuildFile section */
		1C032EDD1CCE68D100562028 /* Settings.storyboard in Resources */ = {isa = PBXBuildFile; fileRef = 1C032EDC1CCE68D100562028 /* Settings.storyboard */; };
		1C0A9BF51CBFE7750008DA56 /* WundergroundHelper.m in Sources */ = {isa = PBXBuildFile; fileRef = 1C0A9BF41CBFE7750008DA56 /* WundergroundHelper.m */; };
		1C1F5C1A1CE6352500EA7A7E /* ProgressEmptyViewController.xib in Resources */ = {isa = PBXBuildFile; fileRef = 1C1F5C191CE6352500EA7A7E /* ProgressEmptyViewController.xib */; };
		1C25B9CF1CEF583E00B1E9DB /* RedditActivity.m in Sources */ = {isa = PBXBuildFile; fileRef = 1C25B9CE1CEF583E00B1E9DB /* RedditActivity.m */; };
		1C25B9D21CEF63A300B1E9DB /* ShareViaWebViewController.m in Sources */ = {isa = PBXBuildFile; fileRef = 1C25B9D11CEF63A300B1E9DB /* ShareViaWebViewController.m */; };
		1C27112E1CE1ED8B002D0F04 /* Weather Icons Day.xcassets in Resources */ = {isa = PBXBuildFile; fileRef = 1C27112D1CE1ED8B002D0F04 /* Weather Icons Day.xcassets */; };
		1C2711301CE1EDA4002D0F04 /* Weather Icons Night.xcassets in Resources */ = {isa = PBXBuildFile; fileRef = 1C27112F1CE1EDA4002D0F04 /* Weather Icons Night.xcassets */; };
		1C2711351CE24A0B002D0F04 /* GeneticForecastHelper.m in Sources */ = {isa = PBXBuildFile; fileRef = 1C2711341CE24A0B002D0F04 /* GeneticForecastHelper.m */; };
		1C38CAD41CA5646D00553718 /* main.m in Sources */ = {isa = PBXBuildFile; fileRef = 1C38CAD31CA5646D00553718 /* main.m */; };
		1C38CAD71CA5646D00553718 /* AppDelegate.m in Sources */ = {isa = PBXBuildFile; fileRef = 1C38CAD61CA5646D00553718 /* AppDelegate.m */; };
		1C38CADD1CA5646D00553718 /* Main.storyboard in Resources */ = {isa = PBXBuildFile; fileRef = 1C38CADB1CA5646D00553718 /* Main.storyboard */; };
		1C38CADF1CA5646D00553718 /* Assets.xcassets in Resources */ = {isa = PBXBuildFile; fileRef = 1C38CADE1CA5646D00553718 /* Assets.xcassets */; };
		1C38CAE21CA5646D00553718 /* LaunchScreen.storyboard in Resources */ = {isa = PBXBuildFile; fileRef = 1C38CAE01CA5646D00553718 /* LaunchScreen.storyboard */; };
		1C38CAF31CA595B800553718 /* LoginViewController.m in Sources */ = {isa = PBXBuildFile; fileRef = 1C38CAF11CA595B800553718 /* LoginViewController.m */; };
		1C38CAF71CA5A44100553718 /* AlertMessage.m in Sources */ = {isa = PBXBuildFile; fileRef = 1C38CAF61CA5A44100553718 /* AlertMessage.m */; };
		1C38CAFB1CA5ABE300553718 /* LocationViewController.m in Sources */ = {isa = PBXBuildFile; fileRef = 1C38CAF91CA5ABE300553718 /* LocationViewController.m */; };
		1C45482F1CBCEE1E0020F4E6 /* CoreLocation.framework in Frameworks */ = {isa = PBXBuildFile; fileRef = 1C45482E1CBCEE1E0020F4E6 /* CoreLocation.framework */; };
		1C5143351CFDB1AF003BFCBD /* phone_prefixes.csv in Resources */ = {isa = PBXBuildFile; fileRef = 1C5143341CFDB1AF003BFCBD /* phone_prefixes.csv */; };
		1C52EA401CAC368100792AF1 /* Video in Resources */ = {isa = PBXBuildFile; fileRef = 1C52EA3F1CAC368100792AF1 /* Video */; };
		1C55163F1CD0FF3C0036B8E0 /* SWRevealViewController.m in Sources */ = {isa = PBXBuildFile; fileRef = 1C55163E1CD0FF3C0036B8E0 /* SWRevealViewController.m */; };
		1C5692B31D1188BE00BAB5A8 /* InternetConnection.m in Sources */ = {isa = PBXBuildFile; fileRef = 1C5692B21D1188BE00BAB5A8 /* InternetConnection.m */; };
		1C5692B61D1189F700BAB5A8 /* Reachability.m in Sources */ = {isa = PBXBuildFile; fileRef = 1C5692B51D1189F700BAB5A8 /* Reachability.m */; };
		1C57BDBC1CC6869A00C01F89 /* ProgressEmptyViewController.m in Sources */ = {isa = PBXBuildFile; fileRef = 1C57BDBB1CC6869A00C01F89 /* ProgressEmptyViewController.m */; };
		1C5A70D91CB7CA33008DBF2E /* TabbarFileSelector.storyboard in Resources */ = {isa = PBXBuildFile; fileRef = 1C5A70D81CB7CA33008DBF2E /* TabbarFileSelector.storyboard */; };
		1C5B65371D081E5D006C3445 /* LocationWeatherUpdater.m in Sources */ = {isa = PBXBuildFile; fileRef = 1C5B65361D081E5D006C3445 /* LocationWeatherUpdater.m */; };
		1C5B75AD1CAABCA900D68B59 /* PrepareForecastViewController.m in Sources */ = {isa = PBXBuildFile; fileRef = 1C5B75AC1CAABCA900D68B59 /* PrepareForecastViewController.m */; };
		1C5B75B71CAADE8100D68B59 /* SidebarMenuViewController.m in Sources */ = {isa = PBXBuildFile; fileRef = 1C5B75B51CAADE8100D68B59 /* SidebarMenuViewController.m */; };
		1C66FF571CD9EFE20097D558 /* Preloader.xcassets in Resources */ = {isa = PBXBuildFile; fileRef = 1C66FF561CD9EFE20097D558 /* Preloader.xcassets */; };
		1C66FF5A1CDA13E90097D558 /* VideoHelper.m in Sources */ = {isa = PBXBuildFile; fileRef = 1C66FF591CDA13E90097D558 /* VideoHelper.m */; };
		1C687AC81CC7C96F00111AA3 /* AboutFlow.storyboard in Resources */ = {isa = PBXBuildFile; fileRef = 1C687AC71CC7C96F00111AA3 /* AboutFlow.storyboard */; };
		1C6A754F1CD36043002DCDC5 /* Forecast.storyboard in Resources */ = {isa = PBXBuildFile; fileRef = 1C6A754E1CD36043002DCDC5 /* Forecast.storyboard */; };
		1C6B97151D219B2F00C1B70B /* SettingsUpdater.m in Sources */ = {isa = PBXBuildFile; fileRef = 1C6B97141D219B2F00C1B70B /* SettingsUpdater.m */; };
		1C6CD5AA1D33F4E3005A20E0 /* WebKit.framework in Frameworks */ = {isa = PBXBuildFile; fileRef = 1C6CD5A91D33F4E3005A20E0 /* WebKit.framework */; };
		1C6E8CC61D9BDAEC0001E90E /* ForecastDayObject.m in Sources */ = {isa = PBXBuildFile; fileRef = 1C6E8CC51D9BDAEC0001E90E /* ForecastDayObject.m */; };
		1C74A0BA1D05CB600065D4A9 /* Alert.storyboard in Resources */ = {isa = PBXBuildFile; fileRef = 1C74A0B91D05CB600065D4A9 /* Alert.storyboard */; };
		1C74A0BD1D05CB910065D4A9 /* PopupAlertViewController.m in Sources */ = {isa = PBXBuildFile; fileRef = 1C74A0BC1D05CB910065D4A9 /* PopupAlertViewController.m */; };
		1C759BED1CAED6C700FF77ED /* SettingsViewController.m in Sources */ = {isa = PBXBuildFile; fileRef = 1C759BEC1CAED6C700FF77ED /* SettingsViewController.m */; };
		1C7955FB1CD8F6A9005DC10D /* PrepareForecastViewController.xib in Resources */ = {isa = PBXBuildFile; fileRef = 1C7955FA1CD8F6A9005DC10D /* PrepareForecastViewController.xib */; };
		1CA706391CA95F70000B1AFE /* ProgressViewController.m in Sources */ = {isa = PBXBuildFile; fileRef = 1CA706371CA95F70000B1AFE /* ProgressViewController.m */; };
		1CA7063A1CA95F70000B1AFE /* ProgressViewController.xib in Resources */ = {isa = PBXBuildFile; fileRef = 1CA706381CA95F70000B1AFE /* ProgressViewController.xib */; };
		1CA7063E1CA99343000B1AFE /* ForecastViewController.m in Sources */ = {isa = PBXBuildFile; fileRef = 1CA7063C1CA99343000B1AFE /* ForecastViewController.m */; };
		1CA706421CA995B1000B1AFE /* UserHelper.m in Sources */ = {isa = PBXBuildFile; fileRef = 1CA706411CA995B1000B1AFE /* UserHelper.m */; };
		1CDE4A091CC920D000CFF7C4 /* Location.storyboard in Resources */ = {isa = PBXBuildFile; fileRef = 1CDE4A081CC920D000CFF7C4 /* Location.storyboard */; };
		1CEF03AA1CF3280F00710113 /* CSVParser.m in Sources */ = {isa = PBXBuildFile; fileRef = 1CEF03A91CF3280F00710113 /* CSVParser.m */; };
		1CEF03AF1CF340AA00710113 /* PhonePrefixesHelper.m in Sources */ = {isa = PBXBuildFile; fileRef = 1CEF03AE1CF340AA00710113 /* PhonePrefixesHelper.m */; };
		1CEF03B21CF35FBC00710113 /* UserAccountHelper.m in Sources */ = {isa = PBXBuildFile; fileRef = 1CEF03B11CF35FBC00710113 /* UserAccountHelper.m */; };
		1CF118DA1CD2102100D64102 /* ForecastData.m in Sources */ = {isa = PBXBuildFile; fileRef = 1CF118D91CD2102100D64102 /* ForecastData.m */; };
		1CF4200E1CAD72E400BA6B01 /* AboutViewController.m in Sources */ = {isa = PBXBuildFile; fileRef = 1CF4200C1CAD72E400BA6B01 /* AboutViewController.m */; };
		1CF420131CAD74DD00BA6B01 /* AboutMoreViewController.m in Sources */ = {isa = PBXBuildFile; fileRef = 1CF420111CAD74DD00BA6B01 /* AboutMoreViewController.m */; };
		4D27ADDCC881D91D6078E30D /* libPods-Weather-My-Way.a in Frameworks */ = {isa = PBXBuildFile; fileRef = 36DB98CA83AE0B443C128927 /* libPods-Weather-My-Way.a */; };
/* End PBXBuildFile section */

/* Begin PBXFileReference section */
		1C032EDC1CCE68D100562028 /* Settings.storyboard */ = {isa = PBXFileReference; fileEncoding = 4; lastKnownFileType = file.storyboard; path = Settings.storyboard; sourceTree = "<group>"; };
		1C0A9BF31CBFE7750008DA56 /* WundergroundHelper.h */ = {isa = PBXFileReference; fileEncoding = 4; lastKnownFileType = sourcecode.c.h; path = WundergroundHelper.h; sourceTree = "<group>"; };
		1C0A9BF41CBFE7750008DA56 /* WundergroundHelper.m */ = {isa = PBXFileReference; fileEncoding = 4; lastKnownFileType = sourcecode.c.objc; path = WundergroundHelper.m; sourceTree = "<group>"; };
		1C1C04231D9C2BA000DE62E4 /* Weather-My-Way.entitlements */ = {isa = PBXFileReference; lastKnownFileType = text.plist.entitlements; path = "Weather-My-Way.entitlements"; sourceTree = "<group>"; };
		1C1F5C191CE6352500EA7A7E /* ProgressEmptyViewController.xib */ = {isa = PBXFileReference; fileEncoding = 4; lastKnownFileType = file.xib; path = ProgressEmptyViewController.xib; sourceTree = "<group>"; };
		1C25B9CD1CEF583E00B1E9DB /* RedditActivity.h */ = {isa = PBXFileReference; fileEncoding = 4; lastKnownFileType = sourcecode.c.h; path = RedditActivity.h; sourceTree = "<group>"; };
		1C25B9CE1CEF583E00B1E9DB /* RedditActivity.m */ = {isa = PBXFileReference; fileEncoding = 4; lastKnownFileType = sourcecode.c.objc; path = RedditActivity.m; sourceTree = "<group>"; };
		1C25B9D01CEF63A300B1E9DB /* ShareViaWebViewController.h */ = {isa = PBXFileReference; fileEncoding = 4; lastKnownFileType = sourcecode.c.h; path = ShareViaWebViewController.h; sourceTree = "<group>"; };
		1C25B9D11CEF63A300B1E9DB /* ShareViaWebViewController.m */ = {isa = PBXFileReference; fileEncoding = 4; lastKnownFileType = sourcecode.c.objc; path = ShareViaWebViewController.m; sourceTree = "<group>"; };
		1C27112D1CE1ED8B002D0F04 /* Weather Icons Day.xcassets */ = {isa = PBXFileReference; lastKnownFileType = folder.assetcatalog; path = "Weather Icons Day.xcassets"; sourceTree = "<group>"; };
		1C27112F1CE1EDA4002D0F04 /* Weather Icons Night.xcassets */ = {isa = PBXFileReference; lastKnownFileType = folder.assetcatalog; path = "Weather Icons Night.xcassets"; sourceTree = "<group>"; };
		1C2711331CE24A0B002D0F04 /* GeneticForecastHelper.h */ = {isa = PBXFileReference; fileEncoding = 4; lastKnownFileType = sourcecode.c.h; path = GeneticForecastHelper.h; sourceTree = "<group>"; };
		1C2711341CE24A0B002D0F04 /* GeneticForecastHelper.m */ = {isa = PBXFileReference; fileEncoding = 4; lastKnownFileType = sourcecode.c.objc; path = GeneticForecastHelper.m; sourceTree = "<group>"; };
		1C38CACF1CA5646D00553718 /* Weather-My-Way.app */ = {isa = PBXFileReference; explicitFileType = wrapper.application; includeInIndex = 0; path = "Weather-My-Way.app"; sourceTree = BUILT_PRODUCTS_DIR; };
		1C38CAD31CA5646D00553718 /* main.m */ = {isa = PBXFileReference; lastKnownFileType = sourcecode.c.objc; path = main.m; sourceTree = "<group>"; };
		1C38CAD51CA5646D00553718 /* AppDelegate.h */ = {isa = PBXFileReference; lastKnownFileType = sourcecode.c.h; path = AppDelegate.h; sourceTree = "<group>"; };
		1C38CAD61CA5646D00553718 /* AppDelegate.m */ = {isa = PBXFileReference; lastKnownFileType = sourcecode.c.objc; path = AppDelegate.m; sourceTree = "<group>"; };
		1C38CADC1CA5646D00553718 /* Base */ = {isa = PBXFileReference; lastKnownFileType = file.storyboard; name = Base; path = Base.lproj/Main.storyboard; sourceTree = "<group>"; };
		1C38CADE1CA5646D00553718 /* Assets.xcassets */ = {isa = PBXFileReference; lastKnownFileType = folder.assetcatalog; path = Assets.xcassets; sourceTree = "<group>"; };
		1C38CAE11CA5646D00553718 /* Base */ = {isa = PBXFileReference; lastKnownFileType = file.storyboard; name = Base; path = Base.lproj/LaunchScreen.storyboard; sourceTree = "<group>"; };
		1C38CAE31CA5646D00553718 /* Info.plist */ = {isa = PBXFileReference; lastKnownFileType = text.plist.xml; path = Info.plist; sourceTree = "<group>"; };
		1C38CAF01CA595B800553718 /* LoginViewController.h */ = {isa = PBXFileReference; fileEncoding = 4; lastKnownFileType = sourcecode.c.h; path = LoginViewController.h; sourceTree = "<group>"; };
		1C38CAF11CA595B800553718 /* LoginViewController.m */ = {isa = PBXFileReference; fileEncoding = 4; lastKnownFileType = sourcecode.c.objc; path = LoginViewController.m; sourceTree = "<group>"; };
		1C38CAF51CA5A44100553718 /* AlertMessage.h */ = {isa = PBXFileReference; fileEncoding = 4; lastKnownFileType = sourcecode.c.h; path = AlertMessage.h; sourceTree = "<group>"; };
		1C38CAF61CA5A44100553718 /* AlertMessage.m */ = {isa = PBXFileReference; fileEncoding = 4; lastKnownFileType = sourcecode.c.objc; path = AlertMessage.m; sourceTree = "<group>"; };
		1C38CAF81CA5ABE300553718 /* LocationViewController.h */ = {isa = PBXFileReference; fileEncoding = 4; lastKnownFileType = sourcecode.c.h; path = LocationViewController.h; sourceTree = "<group>"; };
		1C38CAF91CA5ABE300553718 /* LocationViewController.m */ = {isa = PBXFileReference; fileEncoding = 4; lastKnownFileType = sourcecode.c.objc; path = LocationViewController.m; sourceTree = "<group>"; };
		1C45482E1CBCEE1E0020F4E6 /* CoreLocation.framework */ = {isa = PBXFileReference; lastKnownFileType = wrapper.framework; name = CoreLocation.framework; path = System/Library/Frameworks/CoreLocation.framework; sourceTree = SDKROOT; };
		1C5143341CFDB1AF003BFCBD /* phone_prefixes.csv */ = {isa = PBXFileReference; fileEncoding = 4; lastKnownFileType = text; path = phone_prefixes.csv; sourceTree = "<group>"; };
		1C52EA3F1CAC368100792AF1 /* Video */ = {isa = PBXFileReference; lastKnownFileType = folder; path = Video; sourceTree = "<group>"; };
		1C55163D1CD0FF3C0036B8E0 /* SWRevealViewController.h */ = {isa = PBXFileReference; fileEncoding = 4; lastKnownFileType = sourcecode.c.h; path = SWRevealViewController.h; sourceTree = "<group>"; };
		1C55163E1CD0FF3C0036B8E0 /* SWRevealViewController.m */ = {isa = PBXFileReference; fileEncoding = 4; lastKnownFileType = sourcecode.c.objc; path = SWRevealViewController.m; sourceTree = "<group>"; };
		1C5692B11D1188BE00BAB5A8 /* InternetConnection.h */ = {isa = PBXFileReference; fileEncoding = 4; lastKnownFileType = sourcecode.c.h; path = InternetConnection.h; sourceTree = "<group>"; };
		1C5692B21D1188BE00BAB5A8 /* InternetConnection.m */ = {isa = PBXFileReference; fileEncoding = 4; lastKnownFileType = sourcecode.c.objc; path = InternetConnection.m; sourceTree = "<group>"; };
		1C5692B41D1189F700BAB5A8 /* Reachability.h */ = {isa = PBXFileReference; fileEncoding = 4; lastKnownFileType = sourcecode.c.h; path = Reachability.h; sourceTree = "<group>"; };
		1C5692B51D1189F700BAB5A8 /* Reachability.m */ = {isa = PBXFileReference; fileEncoding = 4; lastKnownFileType = sourcecode.c.objc; path = Reachability.m; sourceTree = "<group>"; };
		1C57BDBA1CC6869A00C01F89 /* ProgressEmptyViewController.h */ = {isa = PBXFileReference; fileEncoding = 4; lastKnownFileType = sourcecode.c.h; path = ProgressEmptyViewController.h; sourceTree = "<group>"; };
		1C57BDBB1CC6869A00C01F89 /* ProgressEmptyViewController.m */ = {isa = PBXFileReference; fileEncoding = 4; lastKnownFileType = sourcecode.c.objc; path = ProgressEmptyViewController.m; sourceTree = "<group>"; };
		1C5A70D81CB7CA33008DBF2E /* TabbarFileSelector.storyboard */ = {isa = PBXFileReference; lastKnownFileType = file.storyboard; name = TabbarFileSelector.storyboard; path = "../Pods/sequencing-file-selector-api-objc/Resources/TabbarFileSelector.storyboard"; sourceTree = "<group>"; };
		1C5B65351D081E5D006C3445 /* LocationWeatherUpdater.h */ = {isa = PBXFileReference; fileEncoding = 4; lastKnownFileType = sourcecode.c.h; path = LocationWeatherUpdater.h; sourceTree = "<group>"; };
		1C5B65361D081E5D006C3445 /* LocationWeatherUpdater.m */ = {isa = PBXFileReference; fileEncoding = 4; lastKnownFileType = sourcecode.c.objc; path = LocationWeatherUpdater.m; sourceTree = "<group>"; };
		1C5B75AB1CAABCA900D68B59 /* PrepareForecastViewController.h */ = {isa = PBXFileReference; fileEncoding = 4; lastKnownFileType = sourcecode.c.h; path = PrepareForecastViewController.h; sourceTree = "<group>"; };
		1C5B75AC1CAABCA900D68B59 /* PrepareForecastViewController.m */ = {isa = PBXFileReference; fileEncoding = 4; lastKnownFileType = sourcecode.c.objc; path = PrepareForecastViewController.m; sourceTree = "<group>"; };
		1C5B75B41CAADE8100D68B59 /* SidebarMenuViewController.h */ = {isa = PBXFileReference; fileEncoding = 4; lastKnownFileType = sourcecode.c.h; path = SidebarMenuViewController.h; sourceTree = "<group>"; };
		1C5B75B51CAADE8100D68B59 /* SidebarMenuViewController.m */ = {isa = PBXFileReference; fileEncoding = 4; lastKnownFileType = sourcecode.c.objc; path = SidebarMenuViewController.m; sourceTree = "<group>"; };
		1C66FF561CD9EFE20097D558 /* Preloader.xcassets */ = {isa = PBXFileReference; lastKnownFileType = folder.assetcatalog; path = Preloader.xcassets; sourceTree = "<group>"; };
		1C66FF581CDA13E90097D558 /* VideoHelper.h */ = {isa = PBXFileReference; fileEncoding = 4; lastKnownFileType = sourcecode.c.h; path = VideoHelper.h; sourceTree = "<group>"; };
		1C66FF591CDA13E90097D558 /* VideoHelper.m */ = {isa = PBXFileReference; fileEncoding = 4; lastKnownFileType = sourcecode.c.objc; path = VideoHelper.m; sourceTree = "<group>"; };
		1C687AC71CC7C96F00111AA3 /* AboutFlow.storyboard */ = {isa = PBXFileReference; fileEncoding = 4; lastKnownFileType = file.storyboard; path = AboutFlow.storyboard; sourceTree = "<group>"; };
		1C6A754E1CD36043002DCDC5 /* Forecast.storyboard */ = {isa = PBXFileReference; fileEncoding = 4; lastKnownFileType = file.storyboard; path = Forecast.storyboard; sourceTree = "<group>"; };
		1C6B97131D219B2F00C1B70B /* SettingsUpdater.h */ = {isa = PBXFileReference; fileEncoding = 4; lastKnownFileType = sourcecode.c.h; path = SettingsUpdater.h; sourceTree = "<group>"; };
		1C6B97141D219B2F00C1B70B /* SettingsUpdater.m */ = {isa = PBXFileReference; fileEncoding = 4; lastKnownFileType = sourcecode.c.objc; path = SettingsUpdater.m; sourceTree = "<group>"; };
		1C6CD5A91D33F4E3005A20E0 /* WebKit.framework */ = {isa = PBXFileReference; lastKnownFileType = wrapper.framework; name = WebKit.framework; path = System/Library/Frameworks/WebKit.framework; sourceTree = SDKROOT; };
		1C6E8CC41D9BDAEC0001E90E /* ForecastDayObject.h */ = {isa = PBXFileReference; fileEncoding = 4; lastKnownFileType = sourcecode.c.h; path = ForecastDayObject.h; sourceTree = "<group>"; };
		1C6E8CC51D9BDAEC0001E90E /* ForecastDayObject.m */ = {isa = PBXFileReference; fileEncoding = 4; lastKnownFileType = sourcecode.c.objc; path = ForecastDayObject.m; sourceTree = "<group>"; };
		1C74A0B91D05CB600065D4A9 /* Alert.storyboard */ = {isa = PBXFileReference; fileEncoding = 4; lastKnownFileType = file.storyboard; path = Alert.storyboard; sourceTree = "<group>"; };
		1C74A0BB1D05CB910065D4A9 /* PopupAlertViewController.h */ = {isa = PBXFileReference; fileEncoding = 4; lastKnownFileType = sourcecode.c.h; path = PopupAlertViewController.h; sourceTree = "<group>"; };
		1C74A0BC1D05CB910065D4A9 /* PopupAlertViewController.m */ = {isa = PBXFileReference; fileEncoding = 4; lastKnownFileType = sourcecode.c.objc; path = PopupAlertViewController.m; sourceTree = "<group>"; };
		1C759BEB1CAED6C700FF77ED /* SettingsViewController.h */ = {isa = PBXFileReference; fileEncoding = 4; lastKnownFileType = sourcecode.c.h; path = SettingsViewController.h; sourceTree = "<group>"; };
		1C759BEC1CAED6C700FF77ED /* SettingsViewController.m */ = {isa = PBXFileReference; fileEncoding = 4; lastKnownFileType = sourcecode.c.objc; path = SettingsViewController.m; sourceTree = "<group>"; };
		1C7955FA1CD8F6A9005DC10D /* PrepareForecastViewController.xib */ = {isa = PBXFileReference; fileEncoding = 4; lastKnownFileType = file.xib; path = PrepareForecastViewController.xib; sourceTree = "<group>"; };
		1CA706361CA95F70000B1AFE /* ProgressViewController.h */ = {isa = PBXFileReference; fileEncoding = 4; lastKnownFileType = sourcecode.c.h; path = ProgressViewController.h; sourceTree = "<group>"; };
		1CA706371CA95F70000B1AFE /* ProgressViewController.m */ = {isa = PBXFileReference; fileEncoding = 4; lastKnownFileType = sourcecode.c.objc; path = ProgressViewController.m; sourceTree = "<group>"; };
		1CA706381CA95F70000B1AFE /* ProgressViewController.xib */ = {isa = PBXFileReference; fileEncoding = 4; lastKnownFileType = file.xib; path = ProgressViewController.xib; sourceTree = "<group>"; };
		1CA7063B1CA99343000B1AFE /* ForecastViewController.h */ = {isa = PBXFileReference; fileEncoding = 4; lastKnownFileType = sourcecode.c.h; path = ForecastViewController.h; sourceTree = "<group>"; };
		1CA7063C1CA99343000B1AFE /* ForecastViewController.m */ = {isa = PBXFileReference; fileEncoding = 4; lastKnownFileType = sourcecode.c.objc; path = ForecastViewController.m; sourceTree = "<group>"; };
		1CA706401CA995B1000B1AFE /* UserHelper.h */ = {isa = PBXFileReference; fileEncoding = 4; lastKnownFileType = sourcecode.c.h; path = UserHelper.h; sourceTree = "<group>"; };
		1CA706411CA995B1000B1AFE /* UserHelper.m */ = {isa = PBXFileReference; fileEncoding = 4; lastKnownFileType = sourcecode.c.objc; path = UserHelper.m; sourceTree = "<group>"; };
		1CDE4A081CC920D000CFF7C4 /* Location.storyboard */ = {isa = PBXFileReference; fileEncoding = 4; lastKnownFileType = file.storyboard; path = Location.storyboard; sourceTree = "<group>"; };
		1CEF03A81CF3280F00710113 /* CSVParser.h */ = {isa = PBXFileReference; fileEncoding = 4; lastKnownFileType = sourcecode.c.h; path = CSVParser.h; sourceTree = "<group>"; };
		1CEF03A91CF3280F00710113 /* CSVParser.m */ = {isa = PBXFileReference; fileEncoding = 4; lastKnownFileType = sourcecode.c.objc; path = CSVParser.m; sourceTree = "<group>"; };
		1CEF03AD1CF340AA00710113 /* PhonePrefixesHelper.h */ = {isa = PBXFileReference; fileEncoding = 4; lastKnownFileType = sourcecode.c.h; path = PhonePrefixesHelper.h; sourceTree = "<group>"; };
		1CEF03AE1CF340AA00710113 /* PhonePrefixesHelper.m */ = {isa = PBXFileReference; fileEncoding = 4; lastKnownFileType = sourcecode.c.objc; path = PhonePrefixesHelper.m; sourceTree = "<group>"; };
		1CEF03B01CF35FBC00710113 /* UserAccountHelper.h */ = {isa = PBXFileReference; fileEncoding = 4; lastKnownFileType = sourcecode.c.h; path = UserAccountHelper.h; sourceTree = "<group>"; };
		1CEF03B11CF35FBC00710113 /* UserAccountHelper.m */ = {isa = PBXFileReference; fileEncoding = 4; lastKnownFileType = sourcecode.c.objc; path = UserAccountHelper.m; sourceTree = "<group>"; };
		1CF118D81CD2102100D64102 /* ForecastData.h */ = {isa = PBXFileReference; fileEncoding = 4; lastKnownFileType = sourcecode.c.h; path = ForecastData.h; sourceTree = "<group>"; };
		1CF118D91CD2102100D64102 /* ForecastData.m */ = {isa = PBXFileReference; fileEncoding = 4; lastKnownFileType = sourcecode.c.objc; path = ForecastData.m; sourceTree = "<group>"; };
		1CF4200B1CAD72E400BA6B01 /* AboutViewController.h */ = {isa = PBXFileReference; fileEncoding = 4; lastKnownFileType = sourcecode.c.h; path = AboutViewController.h; sourceTree = "<group>"; };
		1CF4200C1CAD72E400BA6B01 /* AboutViewController.m */ = {isa = PBXFileReference; fileEncoding = 4; lastKnownFileType = sourcecode.c.objc; path = AboutViewController.m; sourceTree = "<group>"; };
		1CF420101CAD74DD00BA6B01 /* AboutMoreViewController.h */ = {isa = PBXFileReference; fileEncoding = 4; lastKnownFileType = sourcecode.c.h; path = AboutMoreViewController.h; sourceTree = "<group>"; };
		1CF420111CAD74DD00BA6B01 /* AboutMoreViewController.m */ = {isa = PBXFileReference; fileEncoding = 4; lastKnownFileType = sourcecode.c.objc; path = AboutMoreViewController.m; sourceTree = "<group>"; };
		36DB98CA83AE0B443C128927 /* libPods-Weather-My-Way.a */ = {isa = PBXFileReference; explicitFileType = archive.ar; includeInIndex = 0; path = "libPods-Weather-My-Way.a"; sourceTree = BUILT_PRODUCTS_DIR; };
		51730DCE80C8A6B599E58A5B /* Pods-Weather-My-Way.debug.xcconfig */ = {isa = PBXFileReference; includeInIndex = 1; lastKnownFileType = text.xcconfig; name = "Pods-Weather-My-Way.debug.xcconfig"; path = "Pods/Target Support Files/Pods-Weather-My-Way/Pods-Weather-My-Way.debug.xcconfig"; sourceTree = "<group>"; };
		F6E54A820DDF94DB19A24528 /* Pods-Weather-My-Way.release.xcconfig */ = {isa = PBXFileReference; includeInIndex = 1; lastKnownFileType = text.xcconfig; name = "Pods-Weather-My-Way.release.xcconfig"; path = "Pods/Target Support Files/Pods-Weather-My-Way/Pods-Weather-My-Way.release.xcconfig"; sourceTree = "<group>"; };
/* End PBXFileReference section */

/* Begin PBXFrameworksBuildPhase section */
		1C38CACC1CA5646D00553718 /* Frameworks */ = {
			isa = PBXFrameworksBuildPhase;
			buildActionMask = 2147483647;
			files = (
				1C6CD5AA1D33F4E3005A20E0 /* WebKit.framework in Frameworks */,
				1C45482F1CBCEE1E0020F4E6 /* CoreLocation.framework in Frameworks */,
				4D27ADDCC881D91D6078E30D /* libPods-Weather-My-Way.a in Frameworks */,
			);
			runOnlyForDeploymentPostprocessing = 0;
		};
/* End PBXFrameworksBuildPhase section */

/* Begin PBXGroup section */
		163ED00BA81FDFECAE58CF3A /* Pods */ = {
			isa = PBXGroup;
			children = (
				51730DCE80C8A6B599E58A5B /* Pods-Weather-My-Way.debug.xcconfig */,
				F6E54A820DDF94DB19A24528 /* Pods-Weather-My-Way.release.xcconfig */,
			);
			name = Pods;
			sourceTree = "<group>";
		};
		1C38CAC61CA5646D00553718 = {
			isa = PBXGroup;
			children = (
				1C38CAD11CA5646D00553718 /* Weather-My-Way */,
				1C38CAD01CA5646D00553718 /* Products */,
				163ED00BA81FDFECAE58CF3A /* Pods */,
				56811AF021376115A75249CB /* Frameworks */,
			);
			sourceTree = "<group>";
		};
		1C38CAD01CA5646D00553718 /* Products */ = {
			isa = PBXGroup;
			children = (
				1C38CACF1CA5646D00553718 /* Weather-My-Way.app */,
			);
			name = Products;
			sourceTree = "<group>";
		};
		1C38CAD11CA5646D00553718 /* Weather-My-Way */ = {
			isa = PBXGroup;
			children = (
				1C38CAD51CA5646D00553718 /* AppDelegate.h */,
				1C38CAD61CA5646D00553718 /* AppDelegate.m */,
				1CA706401CA995B1000B1AFE /* UserHelper.h */,
				1CA706411CA995B1000B1AFE /* UserHelper.m */,
				1CEF03B01CF35FBC00710113 /* UserAccountHelper.h */,
				1CEF03B11CF35FBC00710113 /* UserAccountHelper.m */,
				1C6B97131D219B2F00C1B70B /* SettingsUpdater.h */,
				1C6B97141D219B2F00C1B70B /* SettingsUpdater.m */,
				1C38CAF51CA5A44100553718 /* AlertMessage.h */,
				1C38CAF61CA5A44100553718 /* AlertMessage.m */,
				1C0A9BF31CBFE7750008DA56 /* WundergroundHelper.h */,
				1C0A9BF41CBFE7750008DA56 /* WundergroundHelper.m */,
				1CF118D81CD2102100D64102 /* ForecastData.h */,
				1CF118D91CD2102100D64102 /* ForecastData.m */,
				1C6E8CC41D9BDAEC0001E90E /* ForecastDayObject.h */,
				1C6E8CC51D9BDAEC0001E90E /* ForecastDayObject.m */,
				1C66FF581CDA13E90097D558 /* VideoHelper.h */,
				1C66FF591CDA13E90097D558 /* VideoHelper.m */,
				1C2711331CE24A0B002D0F04 /* GeneticForecastHelper.h */,
				1C2711341CE24A0B002D0F04 /* GeneticForecastHelper.m */,
				1CEF03AD1CF340AA00710113 /* PhonePrefixesHelper.h */,
				1CEF03AE1CF340AA00710113 /* PhonePrefixesHelper.m */,
				1CEF03A81CF3280F00710113 /* CSVParser.h */,
				1CEF03A91CF3280F00710113 /* CSVParser.m */,
				1C25B9CD1CEF583E00B1E9DB /* RedditActivity.h */,
				1C25B9CE1CEF583E00B1E9DB /* RedditActivity.m */,
				1C25B9D01CEF63A300B1E9DB /* ShareViaWebViewController.h */,
				1C25B9D11CEF63A300B1E9DB /* ShareViaWebViewController.m */,
				1C5B65351D081E5D006C3445 /* LocationWeatherUpdater.h */,
				1C5B65361D081E5D006C3445 /* LocationWeatherUpdater.m */,
				1C5692B11D1188BE00BAB5A8 /* InternetConnection.h */,
				1C5692B21D1188BE00BAB5A8 /* InternetConnection.m */,
				1C5692B41D1189F700BAB5A8 /* Reachability.h */,
				1C5692B51D1189F700BAB5A8 /* Reachability.m */,
				1C38CAEC1CA584C400553718 /* controller */,
				1C38CAEA1CA5846700553718 /* view */,
				1C38CAEB1CA5847900553718 /* resources */,
				1C38CAD21CA5646D00553718 /* Supporting Files */,
			);
			path = "Weather-My-Way";
			sourceTree = "<group>";
		};
		1C38CAD21CA5646D00553718 /* Supporting Files */ = {
			isa = PBXGroup;
			children = (
				1C38CAE31CA5646D00553718 /* Info.plist */,
				1C38CAD31CA5646D00553718 /* main.m */,
			);
			name = "Supporting Files";
			sourceTree = "<group>";
		};
		1C38CAEA1CA5846700553718 /* view */ = {
			isa = PBXGroup;
			children = (
				1C38CAE01CA5646D00553718 /* LaunchScreen.storyboard */,
				1CA706381CA95F70000B1AFE /* ProgressViewController.xib */,
				1C7955FA1CD8F6A9005DC10D /* PrepareForecastViewController.xib */,
				1C1F5C191CE6352500EA7A7E /* ProgressEmptyViewController.xib */,
				1C38CADB1CA5646D00553718 /* Main.storyboard */,
				1C6A754E1CD36043002DCDC5 /* Forecast.storyboard */,
				1C032EDC1CCE68D100562028 /* Settings.storyboard */,
				1CDE4A081CC920D000CFF7C4 /* Location.storyboard */,
				1C687AC71CC7C96F00111AA3 /* AboutFlow.storyboard */,
				1C74A0B91D05CB600065D4A9 /* Alert.storyboard */,
			);
			name = view;
			sourceTree = "<group>";
		};
		1C38CAEB1CA5847900553718 /* resources */ = {
			isa = PBXGroup;
			children = (
				1C1C04231D9C2BA000DE62E4 /* Weather-My-Way.entitlements */,
				1C5143341CFDB1AF003BFCBD /* phone_prefixes.csv */,
				1C5A70D81CB7CA33008DBF2E /* TabbarFileSelector.storyboard */,
				1C52EA3F1CAC368100792AF1 /* Video */,
				1C38CADE1CA5646D00553718 /* Assets.xcassets */,
				1C66FF561CD9EFE20097D558 /* Preloader.xcassets */,
				1C27112D1CE1ED8B002D0F04 /* Weather Icons Day.xcassets */,
				1C27112F1CE1EDA4002D0F04 /* Weather Icons Night.xcassets */,
			);
			name = resources;
			sourceTree = "<group>";
		};
		1C38CAEC1CA584C400553718 /* controller */ = {
			isa = PBXGroup;
			children = (
				1C38CAF01CA595B800553718 /* LoginViewController.h */,
				1C38CAF11CA595B800553718 /* LoginViewController.m */,
				1CA706361CA95F70000B1AFE /* ProgressViewController.h */,
				1CA706371CA95F70000B1AFE /* ProgressViewController.m */,
				1C38CAF81CA5ABE300553718 /* LocationViewController.h */,
				1C38CAF91CA5ABE300553718 /* LocationViewController.m */,
				1C5B75AB1CAABCA900D68B59 /* PrepareForecastViewController.h */,
				1C5B75AC1CAABCA900D68B59 /* PrepareForecastViewController.m */,
				1C55163D1CD0FF3C0036B8E0 /* SWRevealViewController.h */,
				1C55163E1CD0FF3C0036B8E0 /* SWRevealViewController.m */,
				1C5B75B41CAADE8100D68B59 /* SidebarMenuViewController.h */,
				1C5B75B51CAADE8100D68B59 /* SidebarMenuViewController.m */,
				1CA7063B1CA99343000B1AFE /* ForecastViewController.h */,
				1CA7063C1CA99343000B1AFE /* ForecastViewController.m */,
				1CF4200B1CAD72E400BA6B01 /* AboutViewController.h */,
				1CF4200C1CAD72E400BA6B01 /* AboutViewController.m */,
				1CF420101CAD74DD00BA6B01 /* AboutMoreViewController.h */,
				1CF420111CAD74DD00BA6B01 /* AboutMoreViewController.m */,
				1C759BEB1CAED6C700FF77ED /* SettingsViewController.h */,
				1C759BEC1CAED6C700FF77ED /* SettingsViewController.m */,
				1C57BDBA1CC6869A00C01F89 /* ProgressEmptyViewController.h */,
				1C57BDBB1CC6869A00C01F89 /* ProgressEmptyViewController.m */,
				1C74A0BB1D05CB910065D4A9 /* PopupAlertViewController.h */,
				1C74A0BC1D05CB910065D4A9 /* PopupAlertViewController.m */,
			);
			name = controller;
			sourceTree = "<group>";
		};
		56811AF021376115A75249CB /* Frameworks */ = {
			isa = PBXGroup;
			children = (
				1C6CD5A91D33F4E3005A20E0 /* WebKit.framework */,
				1C45482E1CBCEE1E0020F4E6 /* CoreLocation.framework */,
				36DB98CA83AE0B443C128927 /* libPods-Weather-My-Way.a */,
			);
			name = Frameworks;
			sourceTree = "<group>";
		};
/* End PBXGroup section */

/* Begin PBXNativeTarget section */
		1C38CACE1CA5646D00553718 /* Weather-My-Way */ = {
			isa = PBXNativeTarget;
			buildConfigurationList = 1C38CAE61CA5646D00553718 /* Build configuration list for PBXNativeTarget "Weather-My-Way" */;
			buildPhases = (
				315B80AFC237CA1A5DA57275 /* Check Pods Manifest.lock */,
				1C38CACB1CA5646D00553718 /* Sources */,
				1C38CACC1CA5646D00553718 /* Frameworks */,
				1C38CACD1CA5646D00553718 /* Resources */,
				C138B084DE4F3EF140FB34D0 /* Embed Pods Frameworks */,
				1514A9A48C91F30F662059CC /* Copy Pods Resources */,
				1CD034CE1CEB699100D3E9D2 /* ShellScript */,
				1C980FD21D5CB2FC0034C777 /* ShellScript */,
			);
			buildRules = (
			);
			dependencies = (
			);
			name = "Weather-My-Way";
			productName = "Weather-My-Way";
			productReference = 1C38CACF1CA5646D00553718 /* Weather-My-Way.app */;
			productType = "com.apple.product-type.application";
		};
/* End PBXNativeTarget section */

/* Begin PBXProject section */
		1C38CAC71CA5646D00553718 /* Project object */ = {
			isa = PBXProject;
			attributes = {
				LastUpgradeCheck = 0800;
				ORGANIZATIONNAME = Sequencing;
				TargetAttributes = {
					1C38CACE1CA5646D00553718 = {
						CreatedOnToolsVersion = 7.3;
						ProvisioningStyle = Automatic;
						SystemCapabilities = {
							com.apple.Push = {
								enabled = 1;
							};
						};
					};
				};
			};
			buildConfigurationList = 1C38CACA1CA5646D00553718 /* Build configuration list for PBXProject "Weather-My-Way" */;
			compatibilityVersion = "Xcode 3.2";
			developmentRegion = English;
			hasScannedForEncodings = 0;
			knownRegions = (
				en,
				Base,
			);
			mainGroup = 1C38CAC61CA5646D00553718;
			productRefGroup = 1C38CAD01CA5646D00553718 /* Products */;
			projectDirPath = "";
			projectRoot = "";
			targets = (
				1C38CACE1CA5646D00553718 /* Weather-My-Way */,
			);
		};
/* End PBXProject section */

/* Begin PBXResourcesBuildPhase section */
		1C38CACD1CA5646D00553718 /* Resources */ = {
			isa = PBXResourcesBuildPhase;
			buildActionMask = 2147483647;
			files = (
				1CDE4A091CC920D000CFF7C4 /* Location.storyboard in Resources */,
				1C7955FB1CD8F6A9005DC10D /* PrepareForecastViewController.xib in Resources */,
				1C2711301CE1EDA4002D0F04 /* Weather Icons Night.xcassets in Resources */,
				1C6A754F1CD36043002DCDC5 /* Forecast.storyboard in Resources */,
				1C5A70D91CB7CA33008DBF2E /* TabbarFileSelector.storyboard in Resources */,
				1C38CAE21CA5646D00553718 /* LaunchScreen.storyboard in Resources */,
				1C032EDD1CCE68D100562028 /* Settings.storyboard in Resources */,
				1C687AC81CC7C96F00111AA3 /* AboutFlow.storyboard in Resources */,
				1C5143351CFDB1AF003BFCBD /* phone_prefixes.csv in Resources */,
				1C38CADF1CA5646D00553718 /* Assets.xcassets in Resources */,
				1C1F5C1A1CE6352500EA7A7E /* ProgressEmptyViewController.xib in Resources */,
				1C74A0BA1D05CB600065D4A9 /* Alert.storyboard in Resources */,
				1C66FF571CD9EFE20097D558 /* Preloader.xcassets in Resources */,
				1C38CADD1CA5646D00553718 /* Main.storyboard in Resources */,
				1C52EA401CAC368100792AF1 /* Video in Resources */,
				1C27112E1CE1ED8B002D0F04 /* Weather Icons Day.xcassets in Resources */,
				1CA7063A1CA95F70000B1AFE /* ProgressViewController.xib in Resources */,
			);
			runOnlyForDeploymentPostprocessing = 0;
		};
/* End PBXResourcesBuildPhase section */

/* Begin PBXShellScriptBuildPhase section */
		1514A9A48C91F30F662059CC /* Copy Pods Resources */ = {
			isa = PBXShellScriptBuildPhase;
			buildActionMask = 2147483647;
			files = (
			);
			inputPaths = (
			);
			name = "Copy Pods Resources";
			outputPaths = (
			);
			runOnlyForDeploymentPostprocessing = 0;
			shellPath = /bin/sh;
			shellScript = "\"${SRCROOT}/Pods/Target Support Files/Pods-Weather-My-Way/Pods-Weather-My-Way-resources.sh\"\n";
			showEnvVarsInLog = 0;
		};
		1C980FD21D5CB2FC0034C777 /* ShellScript */ = {
			isa = PBXShellScriptBuildPhase;
			buildActionMask = 2147483647;
			files = (
			);
			inputPaths = (
			);
			outputPaths = (
			);
			runOnlyForDeploymentPostprocessing = 0;
			shellPath = /bin/sh;
			shellScript = "";
		};
		1CD034CE1CEB699100D3E9D2 /* ShellScript */ = {
			isa = PBXShellScriptBuildPhase;
			buildActionMask = 2147483647;
			files = (
			);
			inputPaths = (
			);
			outputPaths = (
			);
			runOnlyForDeploymentPostprocessing = 0;
			shellPath = /bin/sh;
			shellScript = "";
		};
		315B80AFC237CA1A5DA57275 /* Check Pods Manifest.lock */ = {
			isa = PBXShellScriptBuildPhase;
			buildActionMask = 2147483647;
			files = (
			);
			inputPaths = (
			);
			name = "Check Pods Manifest.lock";
			outputPaths = (
			);
			runOnlyForDeploymentPostprocessing = 0;
			shellPath = /bin/sh;
			shellScript = "diff \"${PODS_ROOT}/../Podfile.lock\" \"${PODS_ROOT}/Manifest.lock\" > /dev/null\nif [[ $? != 0 ]] ; then\n    cat << EOM\nerror: The sandbox is not in sync with the Podfile.lock. Run 'pod install' or update your CocoaPods installation.\nEOM\n    exit 1\nfi\n";
			showEnvVarsInLog = 0;
		};
		C138B084DE4F3EF140FB34D0 /* Embed Pods Frameworks */ = {
			isa = PBXShellScriptBuildPhase;
			buildActionMask = 2147483647;
			files = (
			);
			inputPaths = (
			);
			name = "Embed Pods Frameworks";
			outputPaths = (
			);
			runOnlyForDeploymentPostprocessing = 0;
			shellPath = /bin/sh;
			shellScript = "\"${SRCROOT}/Pods/Target Support Files/Pods-Weather-My-Way/Pods-Weather-My-Way-frameworks.sh\"\n";
			showEnvVarsInLog = 0;
		};
/* End PBXShellScriptBuildPhase section */

/* Begin PBXSourcesBuildPhase section */
		1C38CACB1CA5646D00553718 /* Sources */ = {
			isa = PBXSourcesBuildPhase;
			buildActionMask = 2147483647;
			files = (
				1CEF03AF1CF340AA00710113 /* PhonePrefixesHelper.m in Sources */,
				1C0A9BF51CBFE7750008DA56 /* WundergroundHelper.m in Sources */,
				1C6B97151D219B2F00C1B70B /* SettingsUpdater.m in Sources */,
				1C38CAF31CA595B800553718 /* LoginViewController.m in Sources */,
				1CA706421CA995B1000B1AFE /* UserHelper.m in Sources */,
				1C759BED1CAED6C700FF77ED /* SettingsViewController.m in Sources */,
				1C2711351CE24A0B002D0F04 /* GeneticForecastHelper.m in Sources */,
				1C5692B31D1188BE00BAB5A8 /* InternetConnection.m in Sources */,
				1CEF03AA1CF3280F00710113 /* CSVParser.m in Sources */,
				1C55163F1CD0FF3C0036B8E0 /* SWRevealViewController.m in Sources */,
				1CF420131CAD74DD00BA6B01 /* AboutMoreViewController.m in Sources */,
				1C5692B61D1189F700BAB5A8 /* Reachability.m in Sources */,
				1C25B9D21CEF63A300B1E9DB /* ShareViaWebViewController.m in Sources */,
				1C66FF5A1CDA13E90097D558 /* VideoHelper.m in Sources */,
				1CA7063E1CA99343000B1AFE /* ForecastViewController.m in Sources */,
				1C57BDBC1CC6869A00C01F89 /* ProgressEmptyViewController.m in Sources */,
				1C5B65371D081E5D006C3445 /* LocationWeatherUpdater.m in Sources */,
				1C5B75B71CAADE8100D68B59 /* SidebarMenuViewController.m in Sources */,
				1CF118DA1CD2102100D64102 /* ForecastData.m in Sources */,
				1C38CAFB1CA5ABE300553718 /* LocationViewController.m in Sources */,
				1C5B75AD1CAABCA900D68B59 /* PrepareForecastViewController.m in Sources */,
				1C38CAD71CA5646D00553718 /* AppDelegate.m in Sources */,
				1C6E8CC61D9BDAEC0001E90E /* ForecastDayObject.m in Sources */,
				1C38CAF71CA5A44100553718 /* AlertMessage.m in Sources */,
				1CA706391CA95F70000B1AFE /* ProgressViewController.m in Sources */,
				1C25B9CF1CEF583E00B1E9DB /* RedditActivity.m in Sources */,
				1CEF03B21CF35FBC00710113 /* UserAccountHelper.m in Sources */,
				1CF4200E1CAD72E400BA6B01 /* AboutViewController.m in Sources */,
				1C38CAD41CA5646D00553718 /* main.m in Sources */,
				1C74A0BD1D05CB910065D4A9 /* PopupAlertViewController.m in Sources */,
			);
			runOnlyForDeploymentPostprocessing = 0;
		};
/* End PBXSourcesBuildPhase section */

/* Begin PBXVariantGroup section */
		1C38CADB1CA5646D00553718 /* Main.storyboard */ = {
			isa = PBXVariantGroup;
			children = (
				1C38CADC1CA5646D00553718 /* Base */,
			);
			name = Main.storyboard;
			sourceTree = "<group>";
		};
		1C38CAE01CA5646D00553718 /* LaunchScreen.storyboard */ = {
			isa = PBXVariantGroup;
			children = (
				1C38CAE11CA5646D00553718 /* Base */,
			);
			name = LaunchScreen.storyboard;
			sourceTree = "<group>";
		};
/* End PBXVariantGroup section */

/* Begin XCBuildConfiguration section */
		1C38CAE41CA5646D00553718 /* Debug */ = {
			isa = XCBuildConfiguration;
			buildSettings = {
				ALWAYS_SEARCH_USER_PATHS = NO;
				CLANG_ANALYZER_NONNULL = YES;
				CLANG_CXX_LANGUAGE_STANDARD = "gnu++0x";
				CLANG_CXX_LIBRARY = "libc++";
				CLANG_ENABLE_MODULES = YES;
				CLANG_ENABLE_OBJC_ARC = YES;
				CLANG_WARN_BOOL_CONVERSION = YES;
				CLANG_WARN_CONSTANT_CONVERSION = YES;
				CLANG_WARN_DIRECT_OBJC_ISA_USAGE = YES_ERROR;
				CLANG_WARN_EMPTY_BODY = YES;
				CLANG_WARN_ENUM_CONVERSION = YES;
				CLANG_WARN_INFINITE_RECURSION = YES;
				CLANG_WARN_INT_CONVERSION = YES;
				CLANG_WARN_OBJC_ROOT_CLASS = YES_ERROR;
				CLANG_WARN_SUSPICIOUS_MOVE = YES;
				CLANG_WARN_UNREACHABLE_CODE = YES;
				CLANG_WARN__DUPLICATE_METHOD_MATCH = YES;
				"CODE_SIGN_IDENTITY[sdk=iphoneos*]" = "iPhone Developer";
				COPY_PHASE_STRIP = NO;
				DEBUG_INFORMATION_FORMAT = dwarf;
				ENABLE_STRICT_OBJC_MSGSEND = YES;
				ENABLE_TESTABILITY = YES;
				GCC_C_LANGUAGE_STANDARD = gnu99;
				GCC_DYNAMIC_NO_PIC = NO;
				GCC_NO_COMMON_BLOCKS = YES;
				GCC_OPTIMIZATION_LEVEL = 0;
				GCC_PREPROCESSOR_DEFINITIONS = (
					"DEBUG=1",
					"$(inherited)",
				);
				GCC_WARN_64_TO_32_BIT_CONVERSION = YES;
				GCC_WARN_ABOUT_RETURN_TYPE = YES_ERROR;
				GCC_WARN_UNDECLARED_SELECTOR = YES;
				GCC_WARN_UNINITIALIZED_AUTOS = YES_AGGRESSIVE;
				GCC_WARN_UNUSED_FUNCTION = YES;
				GCC_WARN_UNUSED_VARIABLE = YES;
				IPHONEOS_DEPLOYMENT_TARGET = 9.3;
				MTL_ENABLE_DEBUG_INFO = YES;
				ONLY_ACTIVE_ARCH = YES;
				SDKROOT = iphoneos;
			};
			name = Debug;
		};
		1C38CAE51CA5646D00553718 /* Release */ = {
			isa = XCBuildConfiguration;
			buildSettings = {
				ALWAYS_SEARCH_USER_PATHS = NO;
				CLANG_ANALYZER_NONNULL = YES;
				CLANG_CXX_LANGUAGE_STANDARD = "gnu++0x";
				CLANG_CXX_LIBRARY = "libc++";
				CLANG_ENABLE_MODULES = YES;
				CLANG_ENABLE_OBJC_ARC = YES;
				CLANG_WARN_BOOL_CONVERSION = YES;
				CLANG_WARN_CONSTANT_CONVERSION = YES;
				CLANG_WARN_DIRECT_OBJC_ISA_USAGE = YES_ERROR;
				CLANG_WARN_EMPTY_BODY = YES;
				CLANG_WARN_ENUM_CONVERSION = YES;
				CLANG_WARN_INFINITE_RECURSION = YES;
				CLANG_WARN_INT_CONVERSION = YES;
				CLANG_WARN_OBJC_ROOT_CLASS = YES_ERROR;
				CLANG_WARN_SUSPICIOUS_MOVE = YES;
				CLANG_WARN_UNREACHABLE_CODE = YES;
				CLANG_WARN__DUPLICATE_METHOD_MATCH = YES;
				"CODE_SIGN_IDENTITY[sdk=iphoneos*]" = "iPhone Developer";
				COPY_PHASE_STRIP = NO;
				DEBUG_INFORMATION_FORMAT = "dwarf-with-dsym";
				ENABLE_NS_ASSERTIONS = NO;
				ENABLE_STRICT_OBJC_MSGSEND = YES;
				GCC_C_LANGUAGE_STANDARD = gnu99;
				GCC_NO_COMMON_BLOCKS = YES;
				GCC_WARN_64_TO_32_BIT_CONVERSION = YES;
				GCC_WARN_ABOUT_RETURN_TYPE = YES_ERROR;
				GCC_WARN_UNDECLARED_SELECTOR = YES;
				GCC_WARN_UNINITIALIZED_AUTOS = YES_AGGRESSIVE;
				GCC_WARN_UNUSED_FUNCTION = YES;
				GCC_WARN_UNUSED_VARIABLE = YES;
				IPHONEOS_DEPLOYMENT_TARGET = 9.3;
				MTL_ENABLE_DEBUG_INFO = NO;
				SDKROOT = iphoneos;
				VALIDATE_PRODUCT = YES;
			};
			name = Release;
		};
		1C38CAE71CA5646D00553718 /* Debug */ = {
			isa = XCBuildConfiguration;
			baseConfigurationReference = 51730DCE80C8A6B599E58A5B /* Pods-Weather-My-Way.debug.xcconfig */;
			buildSettings = {
				ASSETCATALOG_COMPILER_APPICON_NAME = AppIcon;
				CODE_SIGN_ENTITLEMENTS = "Weather-My-Way/Weather-My-Way.entitlements";
				CODE_SIGN_IDENTITY = "iPhone Developer: Gene X (Y872DBHB4K)";
				"CODE_SIGN_IDENTITY[sdk=iphoneos*]" = "iPhone Developer";
				DEVELOPMENT_TEAM = "";
				FRAMEWORK_SEARCH_PATHS = "$(inherited)";
				INFOPLIST_FILE = "Weather-My-Way/Info.plist";
				IPHONEOS_DEPLOYMENT_TARGET = 9.3;
				LD_RUNPATH_SEARCH_PATHS = "$(inherited) @executable_path/Frameworks";
				PRODUCT_BUNDLE_IDENTIFIER = "weather-my-way-ios";
				PRODUCT_NAME = "$(TARGET_NAME)";
				PROVISIONING_PROFILE = "";
				PROVISIONING_PROFILE_SPECIFIER = "";
				TARGETED_DEVICE_FAMILY = 1;
			};
			name = Debug;
		};
		1C38CAE81CA5646D00553718 /* Release */ = {
			isa = XCBuildConfiguration;
			baseConfigurationReference = F6E54A820DDF94DB19A24528 /* Pods-Weather-My-Way.release.xcconfig */;
			buildSettings = {
				ASSETCATALOG_COMPILER_APPICON_NAME = AppIcon;
				CODE_SIGN_ENTITLEMENTS = "Weather-My-Way/Weather-My-Way.entitlements";
				CODE_SIGN_IDENTITY = "iPhone Distribution: Gene X (CYC3AZBCEU)";
				"CODE_SIGN_IDENTITY[sdk=iphoneos*]" = "iPhone Developer";
				DEVELOPMENT_TEAM = "";
				FRAMEWORK_SEARCH_PATHS = "$(inherited)";
				INFOPLIST_FILE = "Weather-My-Way/Info.plist";
				IPHONEOS_DEPLOYMENT_TARGET = 9.3;
				LD_RUNPATH_SEARCH_PATHS = "$(inherited) @executable_path/Frameworks";
				PRODUCT_BUNDLE_IDENTIFIER = "weather-my-way-ios";
				PRODUCT_NAME = "$(TARGET_NAME)";
				PROVISIONING_PROFILE = "";
				PROVISIONING_PROFILE_SPECIFIER = "";
				TARGETED_DEVICE_FAMILY = 1;
			};
			name = Release;
		};
/* End XCBuildConfiguration section */

/* Begin XCConfigurationList section */
		1C38CACA1CA5646D00553718 /* Build configuration list for PBXProject "Weather-My-Way" */ = {
			isa = XCConfigurationList;
			buildConfigurations = (
				1C38CAE41CA5646D00553718 /* Debug */,
				1C38CAE51CA5646D00553718 /* Release */,
			);
			defaultConfigurationIsVisible = 0;
			defaultConfigurationName = Release;
		};
		1C38CAE61CA5646D00553718 /* Build configuration list for PBXNativeTarget "Weather-My-Way" */ = {
			isa = XCConfigurationList;
			buildConfigurations = (
				1C38CAE71CA5646D00553718 /* Debug */,
				1C38CAE81CA5646D00553718 /* Release */,
			);
			defaultConfigurationIsVisible = 0;
			defaultConfigurationName = Release;
		};
/* End XCConfigurationList section */
	};
	rootObject = 1C38CAC71CA5646D00553718 /* Project object */;
}
